
Microsoft Visual Studio Solution File, Format Version 12.00
# Visual Studio Version 16
VisualStudioVersion = 16.0.30523.141
MinimumVisualStudioVersion = 10.0.40219.1
Project("{FAE04EC0-301F-11D3-BF4B-00C04F79EFBC}") = "Demo01-HelloWorld01", "HelloWorld01\Demo01-HelloWorld01.csproj", "{D9BD1108-735A-4E4C-9007-BFEACCDB4360}"
EndProject
Project("{FAE04EC0-301F-11D3-BF4B-00C04F79EFBC}") = "Demo02-Variables", "Demo02-Variables\Demo02-Variables.csproj", "{3C07329C-D0B8-4C34-889E-91E14ED7D6BB}"
EndProject
Project("{FAE04EC0-301F-11D3-BF4B-00C04F79EFBC}") = "Demo03-Operators", "Demo03-Operators\Demo03-Operators.csproj", "{483E3B97-5C8A-496B-8914-DC53B1EB3DB5}"
EndProject
Project("{FAE04EC0-301F-11D3-BF4B-00C04F79EFBC}") = "Demo04-Conditions", "Demo04-Conditions\Demo04-Conditions.csproj", "{48F765C6-0373-4654-A8B7-5FE1DCFF4246}"
EndProject
Project("{FAE04EC0-301F-11D3-BF4B-00C04F79EFBC}") = "Demo05-Conditions2", "Demo05-Conditions2\Demo05-Conditions2.csproj", "{2C47B8E8-00E5-4BDE-BB25-AFA1F4DE89B9}"
EndProject
Project("{FAE04EC0-301F-11D3-BF4B-00C04F79EFBC}") = "Demo06-Function", "Demo06-Function\Demo06-Function.csproj", "{0C7309C8-48AE-402C-82F4-4CF3A7F6E587}"
EndProject
Project("{FAE04EC0-301F-11D3-BF4B-00C04F79EFBC}") = "ConceptArchitect.Utils", "ConceptArchitect.Utils\ConceptArchitect.Utils.csproj", "{610B69F3-EE24-4F76-8298-8AFBD12929F3}"
EndProject
Project("{FAE04EC0-301F-11D3-BF4B-00C04F79EFBC}") = "Demo07-UserInput", "Demo07-UserInput\Demo07-UserInput.csproj", "{D172012E-3042-4F8E-8F5D-63F6F16C6848}"
EndProject
Project("{FAE04EC0-301F-11D3-BF4B-00C04F79EFBC}") = "Demo08-IsLeapYear", "Demo08-IsLeapYear\Demo08-IsLeapYear.csproj", "{40EE219B-45D2-4CDC-909C-89849801BB5B}"
EndProject
Project("{FAE04EC0-301F-11D3-BF4B-00C04F79EFBC}") = "Demo09-IsLeapYear02", "Demo09-IsLeapYear02\Demo09-IsLeapYear02.csproj", "{4B616E51-BFAD-4193-B9A6-D54045D309A9}"
EndProject
Project("{FAE04EC0-301F-11D3-BF4B-00C04F79EFBC}") = "Demo10-IsLeapYear", "Demo10-IsLeapYear\Demo10-IsLeapYear.csproj", "{922367B9-BCE2-4864-AA41-0C2566F05451}"
EndProject
Project("{FAE04EC0-301F-11D3-BF4B-00C04F79EFBC}") = "Demo11-IsLeapYearFunction", "Demo11-IsLeapYearFunction\Demo11-IsLeapYearFunction.csproj", "{5B1CD1FE-3616-4096-97F5-27D3B52C621D}"
EndProject
Project("{FAE04EC0-301F-11D3-BF4B-00C04F79EFBC}") = "Demo12-DoWhileLoop", "Demo12-DoWhileLoop\Demo12-DoWhileLoop.csproj", "{6C5ACB5E-6932-4A07-9F82-4DC70DE26D14}"
EndProject
Project("{FAE04EC0-301F-11D3-BF4B-00C04F79EFBC}") = "Demo13-Factorial", "Demo13-Factorial\Demo13-Factorial.csproj", "{E4FA8F23-33F8-49D1-9ABB-352D59CF9CB1}"
EndProject
Project("{FAE04EC0-301F-11D3-BF4B-00C04F79EFBC}") = "Demo14-SumNumbers", "Demo14-SumNumbers\Demo14-SumNumbers.csproj", "{1F611077-2F8F-4C9B-A69E-94A3C8461948}"
EndProject
Project("{FAE04EC0-301F-11D3-BF4B-00C04F79EFBC}") = "Demo15-FibnociiSeries", "Demo15-FibnociiSeries\Demo15-FibnociiSeries.csproj", "{40CEEFC8-54B2-40E3-A9EA-C57C95C9EF54}"
EndProject
Project("{FAE04EC0-301F-11D3-BF4B-00C04F79EFBC}") = "Demo16-BreakAndContinue", "Demo16-BreakAndContinue\Demo16-BreakAndContinue.csproj", "{CC09232B-2DB8-4728-8B64-88898D5AD077}"
EndProject
Project("{FAE04EC0-301F-11D3-BF4B-00C04F79EFBC}") = "Demo17-HightestNumber", "Dem017-HightestNumber\Demo17-HightestNumber.csproj", "{16B75A76-0BA6-47C8-ABD6-59F247A9CC9D}"
EndProject
Project("{FAE04EC0-301F-11D3-BF4B-00C04F79EFBC}") = "Demo18-Prime01", "Demo18-Prime01\Demo18-Prime01.csproj", "{72564BD3-3AA6-4AD8-B8D4-B5522C02A6F0}"
EndProject
Project("{FAE04EC0-301F-11D3-BF4B-00C04F79EFBC}") = "Demo19-PrimeRange", "Demo19-PrimeRange\Demo19-PrimeRange.csproj", "{94D6389B-25BD-4A28-AA67-3E58C78DA7FE}"
EndProject
Project("{FAE04EC0-301F-11D3-BF4B-00C04F79EFBC}") = "Demo20-Prime", "Demo20\Demo20-Prime.csproj", "{A9B25442-F3FB-4ED3-A230-931248013476}"
EndProject
Project("{FAE04EC0-301F-11D3-BF4B-00C04F79EFBC}") = "Demo21SimpleCalculator", "Demo21SimpleCalculator\Demo21SimpleCalculator.csproj", "{393BDD79-E270-40AA-BB14-D62D5032A911}"
EndProject
Project("{FAE04EC0-301F-11D3-BF4B-00C04F79EFBC}") = "Demo22-CalculatorV2", "Demo22-CalculatorV2\Demo22-CalculatorV2.csproj", "{0BA6DE7E-BCBA-4D4E-B2B8-1E98D2C83EF0}"
EndProject
Project("{FAE04EC0-301F-11D3-BF4B-00C04F79EFBC}") = "Demo23-CalculatorV3", "Demo23-CalculatorV3\Demo23-CalculatorV3.csproj", "{9738619C-F03C-4DE7-B978-15B74AA313F5}"
EndProject
Project("{FAE04EC0-301F-11D3-BF4B-00C04F79EFBC}") = "Demo24-Patterns", "Demo24-Patterns\Demo24-Patterns.csproj", "{96AC02CC-C64D-423D-83EE-9BE7CA6D2B77}"
EndProject
Project("{FAE04EC0-301F-11D3-BF4B-00C04F79EFBC}") = "Demo25-Arrays01", "Demo25-Arrays01\Demo25-Arrays01.csproj", "{B3BB278C-C424-484B-AB0A-81C6B6EDD509}"
EndProject
Project("{FAE04EC0-301F-11D3-BF4B-00C04F79EFBC}") = "Demo26-String", "Demo26-String\Demo26-String.csproj", "{1462BEE3-50CB-47C5-A364-72EB4FCEE3CA}"
EndProject
Global
	GlobalSection(SolutionConfigurationPlatforms) = preSolution
		Debug|Any CPU = Debug|Any CPU
		Release|Any CPU = Release|Any CPU
	EndGlobalSection
	GlobalSection(ProjectConfigurationPlatforms) = postSolution
		{D9BD1108-735A-4E4C-9007-BFEACCDB4360}.Debug|Any CPU.ActiveCfg = Debug|Any CPU
		{D9BD1108-735A-4E4C-9007-BFEACCDB4360}.Debug|Any CPU.Build.0 = Debug|Any CPU
		{D9BD1108-735A-4E4C-9007-BFEACCDB4360}.Release|Any CPU.ActiveCfg = Release|Any CPU
		{D9BD1108-735A-4E4C-9007-BFEACCDB4360}.Release|Any CPU.Build.0 = Release|Any CPU
		{3C07329C-D0B8-4C34-889E-91E14ED7D6BB}.Debug|Any CPU.ActiveCfg = Debug|Any CPU
		{3C07329C-D0B8-4C34-889E-91E14ED7D6BB}.Debug|Any CPU.Build.0 = Debug|Any CPU
		{3C07329C-D0B8-4C34-889E-91E14ED7D6BB}.Release|Any CPU.ActiveCfg = Release|Any CPU
		{3C07329C-D0B8-4C34-889E-91E14ED7D6BB}.Release|Any CPU.Build.0 = Release|Any CPU
		{483E3B97-5C8A-496B-8914-DC53B1EB3DB5}.Debug|Any CPU.ActiveCfg = Debug|Any CPU
		{483E3B97-5C8A-496B-8914-DC53B1EB3DB5}.Debug|Any CPU.Build.0 = Debug|Any CPU
		{483E3B97-5C8A-496B-8914-DC53B1EB3DB5}.Release|Any CPU.ActiveCfg = Release|Any CPU
		{483E3B97-5C8A-496B-8914-DC53B1EB3DB5}.Release|Any CPU.Build.0 = Release|Any CPU
		{48F765C6-0373-4654-A8B7-5FE1DCFF4246}.Debug|Any CPU.ActiveCfg = Debug|Any CPU
		{48F765C6-0373-4654-A8B7-5FE1DCFF4246}.Debug|Any CPU.Build.0 = Debug|Any CPU
		{48F765C6-0373-4654-A8B7-5FE1DCFF4246}.Release|Any CPU.ActiveCfg = Release|Any CPU
		{48F765C6-0373-4654-A8B7-5FE1DCFF4246}.Release|Any CPU.Build.0 = Release|Any CPU
		{2C47B8E8-00E5-4BDE-BB25-AFA1F4DE89B9}.Debug|Any CPU.ActiveCfg = Debug|Any CPU
		{2C47B8E8-00E5-4BDE-BB25-AFA1F4DE89B9}.Debug|Any CPU.Build.0 = Debug|Any CPU
		{2C47B8E8-00E5-4BDE-BB25-AFA1F4DE89B9}.Release|Any CPU.ActiveCfg = Release|Any CPU
		{2C47B8E8-00E5-4BDE-BB25-AFA1F4DE89B9}.Release|Any CPU.Build.0 = Release|Any CPU
		{0C7309C8-48AE-402C-82F4-4CF3A7F6E587}.Debug|Any CPU.ActiveCfg = Debug|Any CPU
		{0C7309C8-48AE-402C-82F4-4CF3A7F6E587}.Debug|Any CPU.Build.0 = Debug|Any CPU
		{0C7309C8-48AE-402C-82F4-4CF3A7F6E587}.Release|Any CPU.ActiveCfg = Release|Any CPU
		{0C7309C8-48AE-402C-82F4-4CF3A7F6E587}.Release|Any CPU.Build.0 = Release|Any CPU
		{610B69F3-EE24-4F76-8298-8AFBD12929F3}.Debug|Any CPU.ActiveCfg = Debug|Any CPU
		{610B69F3-EE24-4F76-8298-8AFBD12929F3}.Debug|Any CPU.Build.0 = Debug|Any CPU
		{610B69F3-EE24-4F76-8298-8AFBD12929F3}.Release|Any CPU.ActiveCfg = Release|Any CPU
		{610B69F3-EE24-4F76-8298-8AFBD12929F3}.Release|Any CPU.Build.0 = Release|Any CPU
		{D172012E-3042-4F8E-8F5D-63F6F16C6848}.Debug|Any CPU.ActiveCfg = Debug|Any CPU
		{D172012E-3042-4F8E-8F5D-63F6F16C6848}.Debug|Any CPU.Build.0 = Debug|Any CPU
		{D172012E-3042-4F8E-8F5D-63F6F16C6848}.Release|Any CPU.ActiveCfg = Release|Any CPU
		{D172012E-3042-4F8E-8F5D-63F6F16C6848}.Release|Any CPU.Build.0 = Release|Any CPU
		{40EE219B-45D2-4CDC-909C-89849801BB5B}.Debug|Any CPU.ActiveCfg = Debug|Any CPU
		{40EE219B-45D2-4CDC-909C-89849801BB5B}.Debug|Any CPU.Build.0 = Debug|Any CPU
		{40EE219B-45D2-4CDC-909C-89849801BB5B}.Release|Any CPU.ActiveCfg = Release|Any CPU
		{40EE219B-45D2-4CDC-909C-89849801BB5B}.Release|Any CPU.Build.0 = Release|Any CPU
		{4B616E51-BFAD-4193-B9A6-D54045D309A9}.Debug|Any CPU.ActiveCfg = Debug|Any CPU
		{4B616E51-BFAD-4193-B9A6-D54045D309A9}.Debug|Any CPU.Build.0 = Debug|Any CPU
		{4B616E51-BFAD-4193-B9A6-D54045D309A9}.Release|Any CPU.ActiveCfg = Release|Any CPU
		{4B616E51-BFAD-4193-B9A6-D54045D309A9}.Release|Any CPU.Build.0 = Release|Any CPU
		{922367B9-BCE2-4864-AA41-0C2566F05451}.Debug|Any CPU.ActiveCfg = Debug|Any CPU
		{922367B9-BCE2-4864-AA41-0C2566F05451}.Debug|Any CPU.Build.0 = Debug|Any CPU
		{922367B9-BCE2-4864-AA41-0C2566F05451}.Release|Any CPU.ActiveCfg = Release|Any CPU
		{922367B9-BCE2-4864-AA41-0C2566F05451}.Release|Any CPU.Build.0 = Release|Any CPU
		{5B1CD1FE-3616-4096-97F5-27D3B52C621D}.Debug|Any CPU.ActiveCfg = Debug|Any CPU
		{5B1CD1FE-3616-4096-97F5-27D3B52C621D}.Debug|Any CPU.Build.0 = Debug|Any CPU
		{5B1CD1FE-3616-4096-97F5-27D3B52C621D}.Release|Any CPU.ActiveCfg = Release|Any CPU
		{5B1CD1FE-3616-4096-97F5-27D3B52C621D}.Release|Any CPU.Build.0 = Release|Any CPU
		{6C5ACB5E-6932-4A07-9F82-4DC70DE26D14}.Debug|Any CPU.ActiveCfg = Debug|Any CPU
		{6C5ACB5E-6932-4A07-9F82-4DC70DE26D14}.Debug|Any CPU.Build.0 = Debug|Any CPU
		{6C5ACB5E-6932-4A07-9F82-4DC70DE26D14}.Release|Any CPU.ActiveCfg = Release|Any CPU
		{6C5ACB5E-6932-4A07-9F82-4DC70DE26D14}.Release|Any CPU.Build.0 = Release|Any CPU
		{E4FA8F23-33F8-49D1-9ABB-352D59CF9CB1}.Debug|Any CPU.ActiveCfg = Debug|Any CPU
		{E4FA8F23-33F8-49D1-9ABB-352D59CF9CB1}.Debug|Any CPU.Build.0 = Debug|Any CPU
		{E4FA8F23-33F8-49D1-9ABB-352D59CF9CB1}.Release|Any CPU.ActiveCfg = Release|Any CPU
		{E4FA8F23-33F8-49D1-9ABB-352D59CF9CB1}.Release|Any CPU.Build.0 = Release|Any CPU
		{1F611077-2F8F-4C9B-A69E-94A3C8461948}.Debug|Any CPU.ActiveCfg = Debug|Any CPU
		{1F611077-2F8F-4C9B-A69E-94A3C8461948}.Debug|Any CPU.Build.0 = Debug|Any CPU
		{1F611077-2F8F-4C9B-A69E-94A3C8461948}.Release|Any CPU.ActiveCfg = Release|Any CPU
		{1F611077-2F8F-4C9B-A69E-94A3C8461948}.Release|Any CPU.Build.0 = Release|Any CPU
		{40CEEFC8-54B2-40E3-A9EA-C57C95C9EF54}.Debug|Any CPU.ActiveCfg = Debug|Any CPU
		{40CEEFC8-54B2-40E3-A9EA-C57C95C9EF54}.Debug|Any CPU.Build.0 = Debug|Any CPU
		{40CEEFC8-54B2-40E3-A9EA-C57C95C9EF54}.Release|Any CPU.ActiveCfg = Release|Any CPU
		{40CEEFC8-54B2-40E3-A9EA-C57C95C9EF54}.Release|Any CPU.Build.0 = Release|Any CPU
		{CC09232B-2DB8-4728-8B64-88898D5AD077}.Debug|Any CPU.ActiveCfg = Debug|Any CPU
		{CC09232B-2DB8-4728-8B64-88898D5AD077}.Debug|Any CPU.Build.0 = Debug|Any CPU
		{CC09232B-2DB8-4728-8B64-88898D5AD077}.Release|Any CPU.ActiveCfg = Release|Any CPU
		{CC09232B-2DB8-4728-8B64-88898D5AD077}.Release|Any CPU.Build.0 = Release|Any CPU
		{16B75A76-0BA6-47C8-ABD6-59F247A9CC9D}.Debug|Any CPU.ActiveCfg = Debug|Any CPU
		{16B75A76-0BA6-47C8-ABD6-59F247A9CC9D}.Debug|Any CPU.Build.0 = Debug|Any CPU
		{16B75A76-0BA6-47C8-ABD6-59F247A9CC9D}.Release|Any CPU.ActiveCfg = Release|Any CPU
		{16B75A76-0BA6-47C8-ABD6-59F247A9CC9D}.Release|Any CPU.Build.0 = Release|Any CPU
		{72564BD3-3AA6-4AD8-B8D4-B5522C02A6F0}.Debug|Any CPU.ActiveCfg = Debug|Any CPU
		{72564BD3-3AA6-4AD8-B8D4-B5522C02A6F0}.Debug|Any CPU.Build.0 = Debug|Any CPU
		{72564BD3-3AA6-4AD8-B8D4-B5522C02A6F0}.Release|Any CPU.ActiveCfg = Release|Any CPU
		{72564BD3-3AA6-4AD8-B8D4-B5522C02A6F0}.Release|Any CPU.Build.0 = Release|Any CPU
		{94D6389B-25BD-4A28-AA67-3E58C78DA7FE}.Debug|Any CPU.ActiveCfg = Debug|Any CPU
		{94D6389B-25BD-4A28-AA67-3E58C78DA7FE}.Debug|Any CPU.Build.0 = Debug|Any CPU
		{94D6389B-25BD-4A28-AA67-3E58C78DA7FE}.Release|Any CPU.ActiveCfg = Release|Any CPU
		{94D6389B-25BD-4A28-AA67-3E58C78DA7FE}.Release|Any CPU.Build.0 = Release|Any CPU
		{A9B25442-F3FB-4ED3-A230-931248013476}.Debug|Any CPU.ActiveCfg = Debug|Any CPU
		{A9B25442-F3FB-4ED3-A230-931248013476}.Debug|Any CPU.Build.0 = Debug|Any CPU
		{A9B25442-F3FB-4ED3-A230-931248013476}.Release|Any CPU.ActiveCfg = Release|Any CPU
		{A9B25442-F3FB-4ED3-A230-931248013476}.Release|Any CPU.Build.0 = Release|Any CPU
		{393BDD79-E270-40AA-BB14-D62D5032A911}.Debug|Any CPU.ActiveCfg = Debug|Any CPU
		{393BDD79-E270-40AA-BB14-D62D5032A911}.Debug|Any CPU.Build.0 = Debug|Any CPU
		{393BDD79-E270-40AA-BB14-D62D5032A911}.Release|Any CPU.ActiveCfg = Release|Any CPU
		{393BDD79-E270-40AA-BB14-D62D5032A911}.Release|Any CPU.Build.0 = Release|Any CPU
		{0BA6DE7E-BCBA-4D4E-B2B8-1E98D2C83EF0}.Debug|Any CPU.ActiveCfg = Debug|Any CPU
		{0BA6DE7E-BCBA-4D4E-B2B8-1E98D2C83EF0}.Debug|Any CPU.Build.0 = Debug|Any CPU
		{0BA6DE7E-BCBA-4D4E-B2B8-1E98D2C83EF0}.Release|Any CPU.ActiveCfg = Release|Any CPU
		{0BA6DE7E-BCBA-4D4E-B2B8-1E98D2C83EF0}.Release|Any CPU.Build.0 = Release|Any CPU
		{9738619C-F03C-4DE7-B978-15B74AA313F5}.Debug|Any CPU.ActiveCfg = Debug|Any CPU
		{9738619C-F03C-4DE7-B978-15B74AA313F5}.Debug|Any CPU.Build.0 = Debug|Any CPU
		{9738619C-F03C-4DE7-B978-15B74AA313F5}.Release|Any CPU.ActiveCfg = Release|Any CPU
		{9738619C-F03C-4DE7-B978-15B74AA313F5}.Release|Any CPU.Build.0 = Release|Any CPU
		{96AC02CC-C64D-423D-83EE-9BE7CA6D2B77}.Debug|Any CPU.ActiveCfg = Debug|Any CPU
		{96AC02CC-C64D-423D-83EE-9BE7CA6D2B77}.Debug|Any CPU.Build.0 = Debug|Any CPU
		{96AC02CC-C64D-423D-83EE-9BE7CA6D2B77}.Release|Any CPU.ActiveCfg = Release|Any CPU
		{96AC02CC-C64D-423D-83EE-9BE7CA6D2B77}.Release|Any CPU.Build.0 = Release|Any CPU
		{B3BB278C-C424-484B-AB0A-81C6B6EDD509}.Debug|Any CPU.ActiveCfg = Debug|Any CPU
		{B3BB278C-C424-484B-AB0A-81C6B6EDD509}.Debug|Any CPU.Build.0 = Debug|Any CPU
		{B3BB278C-C424-484B-AB0A-81C6B6EDD509}.Release|Any CPU.ActiveCfg = Release|Any CPU
		{B3BB278C-C424-484B-AB0A-81C6B6EDD509}.Release|Any CPU.Build.0 = Release|Any CPU
		{1462BEE3-50CB-47C5-A364-72EB4FCEE3CA}.Debug|Any CPU.ActiveCfg = Debug|Any CPU
		{1462BEE3-50CB-47C5-A364-72EB4FCEE3CA}.Debug|Any CPU.Build.0 = Debug|Any CPU
		{1462BEE3-50CB-47C5-A364-72EB4FCEE3CA}.Release|Any CPU.ActiveCfg = Release|Any CPU
		{1462BEE3-50CB-47C5-A364-72EB4FCEE3CA}.Release|Any CPU.Build.0 = Release|Any CPU
	EndGlobalSection
	GlobalSection(SolutionProperties) = preSolution
		HideSolutionNode = FALSE
	EndGlobalSection
	GlobalSection(ExtensibilityGlobals) = postSolution
		SolutionGuid = {DCB68078-A96F-42E7-85A9-950C47EEB607}
	EndGlobalSection
EndGlobal
