
Microsoft Visual Studio Solution File, Format Version 12.00
# Visual Studio Version 16
VisualStudioVersion = 16.0.30523.141
MinimumVisualStudioVersion = 10.0.40219.1
Project("{FAE04EC0-301F-11D3-BF4B-00C04F79EFBC}") = "Demo01EmployeeHierarchy", "Demo01EmployeeHierarchy\Demo01EmployeeHierarchy.csproj", "{1545BC13-39F1-4259-8F98-95C5CFA1D639}"
EndProject
Project("{FAE04EC0-301F-11D3-BF4B-00C04F79EFBC}") = "Demo02ManagerExtras", "Demo02ManagerExtras\Demo02ManagerExtras.csproj", "{D0036FCF-37C1-4FBF-9F9E-3E2D346AB397}"
EndProject
Project("{FAE04EC0-301F-11D3-BF4B-00C04F79EFBC}") = "Demo03-OverrideMethod", "Demo03-OverrideMethod\Demo03-OverrideMethod.csproj", "{657BE97B-CDF1-4B8E-A3EA-80B4F1ECFE95}"
EndProject
Project("{FAE04EC0-301F-11D3-BF4B-00C04F79EFBC}") = "Demo04-ConstructorChaining", "Demo04-ConstructorChaining\Demo04-ConstructorChaining.csproj", "{3885428E-9DD4-4692-B6A1-16E79BAAB7ED}"
EndProject
Project("{FAE04EC0-301F-11D3-BF4B-00C04F79EFBC}") = "Demo05-ConstructorChainging", "Demo05-ConstructorChainging\Demo05-ConstructorChainging.csproj", "{869FDA08-0FDB-4036-ABA0-62AF1EFFE963}"
EndProject
Project("{FAE04EC0-301F-11D3-BF4B-00C04F79EFBC}") = "Demo06-Animals", "Demo06-Animals\Demo06-Animals.csproj", "{6705D69B-FA0F-4134-8330-CE58F5677DDE}"
EndProject
Project("{FAE04EC0-301F-11D3-BF4B-00C04F79EFBC}") = "Demo07-Animals", "Demo07\Demo07-Animals.csproj", "{4FE4B188-A618-480D-8A17-3C90687144DC}"
EndProject
Project("{FAE04EC0-301F-11D3-BF4B-00C04F79EFBC}") = "Demo08-Struct", "Demo08-Struct\Demo08-Struct.csproj", "{0D472574-E66F-4909-9218-D9CD25D1EF51}"
EndProject
Global
	GlobalSection(SolutionConfigurationPlatforms) = preSolution
		Debug|Any CPU = Debug|Any CPU
		Release|Any CPU = Release|Any CPU
	EndGlobalSection
	GlobalSection(ProjectConfigurationPlatforms) = postSolution
		{1545BC13-39F1-4259-8F98-95C5CFA1D639}.Debug|Any CPU.ActiveCfg = Debug|Any CPU
		{1545BC13-39F1-4259-8F98-95C5CFA1D639}.Debug|Any CPU.Build.0 = Debug|Any CPU
		{1545BC13-39F1-4259-8F98-95C5CFA1D639}.Release|Any CPU.ActiveCfg = Release|Any CPU
		{1545BC13-39F1-4259-8F98-95C5CFA1D639}.Release|Any CPU.Build.0 = Release|Any CPU
		{D0036FCF-37C1-4FBF-9F9E-3E2D346AB397}.Debug|Any CPU.ActiveCfg = Debug|Any CPU
		{D0036FCF-37C1-4FBF-9F9E-3E2D346AB397}.Debug|Any CPU.Build.0 = Debug|Any CPU
		{D0036FCF-37C1-4FBF-9F9E-3E2D346AB397}.Release|Any CPU.ActiveCfg = Release|Any CPU
		{D0036FCF-37C1-4FBF-9F9E-3E2D346AB397}.Release|Any CPU.Build.0 = Release|Any CPU
		{657BE97B-CDF1-4B8E-A3EA-80B4F1ECFE95}.Debug|Any CPU.ActiveCfg = Debug|Any CPU
		{657BE97B-CDF1-4B8E-A3EA-80B4F1ECFE95}.Debug|Any CPU.Build.0 = Debug|Any CPU
		{657BE97B-CDF1-4B8E-A3EA-80B4F1ECFE95}.Release|Any CPU.ActiveCfg = Release|Any CPU
		{657BE97B-CDF1-4B8E-A3EA-80B4F1ECFE95}.Release|Any CPU.Build.0 = Release|Any CPU
		{3885428E-9DD4-4692-B6A1-16E79BAAB7ED}.Debug|Any CPU.ActiveCfg = Debug|Any CPU
		{3885428E-9DD4-4692-B6A1-16E79BAAB7ED}.Debug|Any CPU.Build.0 = Debug|Any CPU
		{3885428E-9DD4-4692-B6A1-16E79BAAB7ED}.Release|Any CPU.ActiveCfg = Release|Any CPU
		{3885428E-9DD4-4692-B6A1-16E79BAAB7ED}.Release|Any CPU.Build.0 = Release|Any CPU
		{869FDA08-0FDB-4036-ABA0-62AF1EFFE963}.Debug|Any CPU.ActiveCfg = Debug|Any CPU
		{869FDA08-0FDB-4036-ABA0-62AF1EFFE963}.Debug|Any CPU.Build.0 = Debug|Any CPU
		{869FDA08-0FDB-4036-ABA0-62AF1EFFE963}.Release|Any CPU.ActiveCfg = Release|Any CPU
		{869FDA08-0FDB-4036-ABA0-62AF1EFFE963}.Release|Any CPU.Build.0 = Release|Any CPU
		{6705D69B-FA0F-4134-8330-CE58F5677DDE}.Debug|Any CPU.ActiveCfg = Debug|Any CPU
		{6705D69B-FA0F-4134-8330-CE58F5677DDE}.Debug|Any CPU.Build.0 = Debug|Any CPU
		{6705D69B-FA0F-4134-8330-CE58F5677DDE}.Release|Any CPU.ActiveCfg = Release|Any CPU
		{6705D69B-FA0F-4134-8330-CE58F5677DDE}.Release|Any CPU.Build.0 = Release|Any CPU
		{4FE4B188-A618-480D-8A17-3C90687144DC}.Debug|Any CPU.ActiveCfg = Debug|Any CPU
		{4FE4B188-A618-480D-8A17-3C90687144DC}.Debug|Any CPU.Build.0 = Debug|Any CPU
		{4FE4B188-A618-480D-8A17-3C90687144DC}.Release|Any CPU.ActiveCfg = Release|Any CPU
		{4FE4B188-A618-480D-8A17-3C90687144DC}.Release|Any CPU.Build.0 = Release|Any CPU
		{0D472574-E66F-4909-9218-D9CD25D1EF51}.Debug|Any CPU.ActiveCfg = Debug|Any CPU
		{0D472574-E66F-4909-9218-D9CD25D1EF51}.Debug|Any CPU.Build.0 = Debug|Any CPU
		{0D472574-E66F-4909-9218-D9CD25D1EF51}.Release|Any CPU.ActiveCfg = Release|Any CPU
		{0D472574-E66F-4909-9218-D9CD25D1EF51}.Release|Any CPU.Build.0 = Release|Any CPU
	EndGlobalSection
	GlobalSection(SolutionProperties) = preSolution
		HideSolutionNode = FALSE
	EndGlobalSection
	GlobalSection(ExtensibilityGlobals) = postSolution
		SolutionGuid = {A1FD1E72-F230-4932-8A74-8E69D8EA371D}
	EndGlobalSection
EndGlobal
