
Microsoft Visual Studio Solution File, Format Version 12.00
# Visual Studio Version 16
VisualStudioVersion = 16.0.30523.141
MinimumVisualStudioVersion = 10.0.40219.1
Project("{FAE04EC0-301F-11D3-BF4B-00C04F79EFBC}") = "Demo01-Arrays", "Demo01-Arrays\Demo01-Arrays.csproj", "{23CF28F5-155F-45C7-A5B3-C4E384C44FA4}"
EndProject
Project("{FAE04EC0-301F-11D3-BF4B-00C04F79EFBC}") = "Demo02-StudentInfoArray", "Demo02-StudentInfoArray\Demo02-StudentInfoArray.csproj", "{DA90BE9A-3B5A-465C-B4B6-F218764F943E}"
EndProject
Project("{FAE04EC0-301F-11D3-BF4B-00C04F79EFBC}") = "Demo03-StudentInfo", "Demo03-StudentInfo\Demo03-StudentInfo.csproj", "{026A9D71-6497-4EF0-A8F8-B04453C65F26}"
EndProject
Project("{FAE04EC0-301F-11D3-BF4B-00C04F79EFBC}") = "Demo04-StudentInfo02", "Demo04-StudentInfo02\Demo04-StudentInfo02.csproj", "{39DBD69C-66CF-47B0-A4DC-57A35707D2FA}"
EndProject
Project("{FAE04EC0-301F-11D3-BF4B-00C04F79EFBC}") = "Demo05-Triangle01", "Demo05-Triangle01\Demo05-Triangle01.csproj", "{E4EAB988-6369-4940-8285-0015A338A43D}"
EndProject
Project("{FAE04EC0-301F-11D3-BF4B-00C04F79EFBC}") = "Demo06-TriangleClassV1", "Demo05-TriangleClassV1\Demo06-TriangleClassV1.csproj", "{CE525E94-0091-45D0-AFB8-290C4C0996E4}"
EndProject
Project("{FAE04EC0-301F-11D3-BF4B-00C04F79EFBC}") = "Demo07-TriangleClassV2", "Demo07-TriangleClassV2\Demo07-TriangleClassV2.csproj", "{DAB9C179-217B-4E0A-8E1C-F0C133B74E9A}"
EndProject
Project("{FAE04EC0-301F-11D3-BF4B-00C04F79EFBC}") = "Demo08-TriangleV3", "Demo05-TriangleV3\Demo08-TriangleV3.csproj", "{EF5775E7-28A3-49F7-A21F-C3034AEC087E}"
EndProject
Project("{FAE04EC0-301F-11D3-BF4B-00C04F79EFBC}") = "Demo09-TriangleV4", "Demo09-TriangleV4\Demo09-TriangleV4.csproj", "{FBE44599-DED8-4AB2-8D20-0B7EFA729A2A}"
EndProject
Project("{FAE04EC0-301F-11D3-BF4B-00C04F79EFBC}") = "Demo10-StudentInfo03", "Demo10\Demo10-StudentInfo03.csproj", "{78B04A07-8194-4349-9253-C5D8BE96C7E0}"
EndProject
Global
	GlobalSection(SolutionConfigurationPlatforms) = preSolution
		Debug|Any CPU = Debug|Any CPU
		Release|Any CPU = Release|Any CPU
	EndGlobalSection
	GlobalSection(ProjectConfigurationPlatforms) = postSolution
		{23CF28F5-155F-45C7-A5B3-C4E384C44FA4}.Debug|Any CPU.ActiveCfg = Debug|Any CPU
		{23CF28F5-155F-45C7-A5B3-C4E384C44FA4}.Debug|Any CPU.Build.0 = Debug|Any CPU
		{23CF28F5-155F-45C7-A5B3-C4E384C44FA4}.Release|Any CPU.ActiveCfg = Release|Any CPU
		{23CF28F5-155F-45C7-A5B3-C4E384C44FA4}.Release|Any CPU.Build.0 = Release|Any CPU
		{DA90BE9A-3B5A-465C-B4B6-F218764F943E}.Debug|Any CPU.ActiveCfg = Debug|Any CPU
		{DA90BE9A-3B5A-465C-B4B6-F218764F943E}.Debug|Any CPU.Build.0 = Debug|Any CPU
		{DA90BE9A-3B5A-465C-B4B6-F218764F943E}.Release|Any CPU.ActiveCfg = Release|Any CPU
		{DA90BE9A-3B5A-465C-B4B6-F218764F943E}.Release|Any CPU.Build.0 = Release|Any CPU
		{026A9D71-6497-4EF0-A8F8-B04453C65F26}.Debug|Any CPU.ActiveCfg = Debug|Any CPU
		{026A9D71-6497-4EF0-A8F8-B04453C65F26}.Debug|Any CPU.Build.0 = Debug|Any CPU
		{026A9D71-6497-4EF0-A8F8-B04453C65F26}.Release|Any CPU.ActiveCfg = Release|Any CPU
		{026A9D71-6497-4EF0-A8F8-B04453C65F26}.Release|Any CPU.Build.0 = Release|Any CPU
		{39DBD69C-66CF-47B0-A4DC-57A35707D2FA}.Debug|Any CPU.ActiveCfg = Debug|Any CPU
		{39DBD69C-66CF-47B0-A4DC-57A35707D2FA}.Debug|Any CPU.Build.0 = Debug|Any CPU
		{39DBD69C-66CF-47B0-A4DC-57A35707D2FA}.Release|Any CPU.ActiveCfg = Release|Any CPU
		{39DBD69C-66CF-47B0-A4DC-57A35707D2FA}.Release|Any CPU.Build.0 = Release|Any CPU
		{E4EAB988-6369-4940-8285-0015A338A43D}.Debug|Any CPU.ActiveCfg = Debug|Any CPU
		{E4EAB988-6369-4940-8285-0015A338A43D}.Debug|Any CPU.Build.0 = Debug|Any CPU
		{E4EAB988-6369-4940-8285-0015A338A43D}.Release|Any CPU.ActiveCfg = Release|Any CPU
		{E4EAB988-6369-4940-8285-0015A338A43D}.Release|Any CPU.Build.0 = Release|Any CPU
		{CE525E94-0091-45D0-AFB8-290C4C0996E4}.Debug|Any CPU.ActiveCfg = Debug|Any CPU
		{CE525E94-0091-45D0-AFB8-290C4C0996E4}.Debug|Any CPU.Build.0 = Debug|Any CPU
		{CE525E94-0091-45D0-AFB8-290C4C0996E4}.Release|Any CPU.ActiveCfg = Release|Any CPU
		{CE525E94-0091-45D0-AFB8-290C4C0996E4}.Release|Any CPU.Build.0 = Release|Any CPU
		{DAB9C179-217B-4E0A-8E1C-F0C133B74E9A}.Debug|Any CPU.ActiveCfg = Debug|Any CPU
		{DAB9C179-217B-4E0A-8E1C-F0C133B74E9A}.Debug|Any CPU.Build.0 = Debug|Any CPU
		{DAB9C179-217B-4E0A-8E1C-F0C133B74E9A}.Release|Any CPU.ActiveCfg = Release|Any CPU
		{DAB9C179-217B-4E0A-8E1C-F0C133B74E9A}.Release|Any CPU.Build.0 = Release|Any CPU
		{EF5775E7-28A3-49F7-A21F-C3034AEC087E}.Debug|Any CPU.ActiveCfg = Debug|Any CPU
		{EF5775E7-28A3-49F7-A21F-C3034AEC087E}.Debug|Any CPU.Build.0 = Debug|Any CPU
		{EF5775E7-28A3-49F7-A21F-C3034AEC087E}.Release|Any CPU.ActiveCfg = Release|Any CPU
		{EF5775E7-28A3-49F7-A21F-C3034AEC087E}.Release|Any CPU.Build.0 = Release|Any CPU
		{FBE44599-DED8-4AB2-8D20-0B7EFA729A2A}.Debug|Any CPU.ActiveCfg = Debug|Any CPU
		{FBE44599-DED8-4AB2-8D20-0B7EFA729A2A}.Debug|Any CPU.Build.0 = Debug|Any CPU
		{FBE44599-DED8-4AB2-8D20-0B7EFA729A2A}.Release|Any CPU.ActiveCfg = Release|Any CPU
		{FBE44599-DED8-4AB2-8D20-0B7EFA729A2A}.Release|Any CPU.Build.0 = Release|Any CPU
		{78B04A07-8194-4349-9253-C5D8BE96C7E0}.Debug|Any CPU.ActiveCfg = Debug|Any CPU
		{78B04A07-8194-4349-9253-C5D8BE96C7E0}.Debug|Any CPU.Build.0 = Debug|Any CPU
		{78B04A07-8194-4349-9253-C5D8BE96C7E0}.Release|Any CPU.ActiveCfg = Release|Any CPU
		{78B04A07-8194-4349-9253-C5D8BE96C7E0}.Release|Any CPU.Build.0 = Release|Any CPU
	EndGlobalSection
	GlobalSection(SolutionProperties) = preSolution
		HideSolutionNode = FALSE
	EndGlobalSection
	GlobalSection(ExtensibilityGlobals) = postSolution
		SolutionGuid = {0872F7B2-814E-4F10-874E-E2BD911C4598}
	EndGlobalSection
EndGlobal
