
Microsoft Visual Studio Solution File, Format Version 12.00
# Visual Studio Version 16
VisualStudioVersion = 16.0.30523.141
MinimumVisualStudioVersion = 10.0.40219.1
Project("{FAE04EC0-301F-11D3-BF4B-00C04F79EFBC}") = "Demo01HelloWorld", "Demo01HelloWorld\Demo01HelloWorld.csproj", "{605D187D-0A6C-4743-9322-C5D7379B0EC6}"
EndProject
Project("{FAE04EC0-301F-11D3-BF4B-00C04F79EFBC}") = "Demo02DesktopAppCode", "Demo02DesktopAppCode\Demo02DesktopAppCode.csproj", "{D56DF966-BECB-4269-951B-198C561A9EFA}"
EndProject
Project("{FAE04EC0-301F-11D3-BF4B-00C04F79EFBC}") = "Demo03GreetPerson", "Demo03GreetPerson\Demo03GreetPerson.csproj", "{A1FC76E6-F8A2-405D-B396-7BAF42FBE560}"
EndProject
Global
	GlobalSection(SolutionConfigurationPlatforms) = preSolution
		Debug|Any CPU = Debug|Any CPU
		Release|Any CPU = Release|Any CPU
	EndGlobalSection
	GlobalSection(ProjectConfigurationPlatforms) = postSolution
		{605D187D-0A6C-4743-9322-C5D7379B0EC6}.Debug|Any CPU.ActiveCfg = Debug|Any CPU
		{605D187D-0A6C-4743-9322-C5D7379B0EC6}.Debug|Any CPU.Build.0 = Debug|Any CPU
		{605D187D-0A6C-4743-9322-C5D7379B0EC6}.Release|Any CPU.ActiveCfg = Release|Any CPU
		{605D187D-0A6C-4743-9322-C5D7379B0EC6}.Release|Any CPU.Build.0 = Release|Any CPU
		{D56DF966-BECB-4269-951B-198C561A9EFA}.Debug|Any CPU.ActiveCfg = Debug|Any CPU
		{D56DF966-BECB-4269-951B-198C561A9EFA}.Debug|Any CPU.Build.0 = Debug|Any CPU
		{D56DF966-BECB-4269-951B-198C561A9EFA}.Release|Any CPU.ActiveCfg = Release|Any CPU
		{D56DF966-BECB-4269-951B-198C561A9EFA}.Release|Any CPU.Build.0 = Release|Any CPU
		{A1FC76E6-F8A2-405D-B396-7BAF42FBE560}.Debug|Any CPU.ActiveCfg = Debug|Any CPU
		{A1FC76E6-F8A2-405D-B396-7BAF42FBE560}.Debug|Any CPU.Build.0 = Debug|Any CPU
		{A1FC76E6-F8A2-405D-B396-7BAF42FBE560}.Release|Any CPU.ActiveCfg = Release|Any CPU
		{A1FC76E6-F8A2-405D-B396-7BAF42FBE560}.Release|Any CPU.Build.0 = Release|Any CPU
	EndGlobalSection
	GlobalSection(SolutionProperties) = preSolution
		HideSolutionNode = FALSE
	EndGlobalSection
	GlobalSection(ExtensibilityGlobals) = postSolution
		SolutionGuid = {C3CB34E5-0D59-420D-80BA-867626FD880A}
	EndGlobalSection
EndGlobal
